
Microsoft Visual Studio Solution File, Format Version 12.00
# Visual Studio Version 16
VisualStudioVersion = 16.0.28917.182
MinimumVisualStudioVersion = 10.0.40219.1
Project("{FAE04EC0-301F-11D3-BF4B-00C04F79EFBC}") = "Store", "Store\Store.csproj", "{B3A6AD9C-673D-444D-9BEE-0135F5334D72}"
EndProject
Project("{FAE04EC0-301F-11D3-BF4B-00C04F79EFBC}") = "Entities", "Entities\Entities.csproj", "{BF9214E9-3C21-4E22-8F3F-B4DB27B54850}"
EndProject
Global
	GlobalSection(SolutionConfigurationPlatforms) = preSolution
		Debug|Any CPU = Debug|Any CPU
		Release|Any CPU = Release|Any CPU
	EndGlobalSection
	GlobalSection(ProjectConfigurationPlatforms) = postSolution
		{B3A6AD9C-673D-444D-9BEE-0135F5334D72}.Debug|Any CPU.ActiveCfg = Debug|Any CPU
		{B3A6AD9C-673D-444D-9BEE-0135F5334D72}.Debug|Any CPU.Build.0 = Debug|Any CPU
		{B3A6AD9C-673D-444D-9BEE-0135F5334D72}.Release|Any CPU.ActiveCfg = Release|Any CPU
		{B3A6AD9C-673D-444D-9BEE-0135F5334D72}.Release|Any CPU.Build.0 = Release|Any CPU
		{BF9214E9-3C21-4E22-8F3F-B4DB27B54850}.Debug|Any CPU.ActiveCfg = Debug|Any CPU
		{BF9214E9-3C21-4E22-8F3F-B4DB27B54850}.Debug|Any CPU.Build.0 = Debug|Any CPU
		{BF9214E9-3C21-4E22-8F3F-B4DB27B54850}.Release|Any CPU.ActiveCfg = Release|Any CPU
		{BF9214E9-3C21-4E22-8F3F-B4DB27B54850}.Release|Any CPU.Build.0 = Release|Any CPU
	EndGlobalSection
	GlobalSection(SolutionProperties) = preSolution
		HideSolutionNode = FALSE
	EndGlobalSection
	GlobalSection(ExtensibilityGlobals) = postSolution
		SolutionGuid = {C31CFB02-4B2F-45B7-A81A-EA622A925D7B}
	EndGlobalSection
EndGlobal
